
Microsoft Visual Studio Solution File, Format Version 12.00
# Visual Studio Version 17
VisualStudioVersion = 17.5.2.0
MinimumVisualStudioVersion = 10.0.40219.1
Project("{2150E333-8FDC-42A3-9474-1A3956D46DE8}") = "test", "test", "{A7DAF120-AAAE-4D18-8938-6B77C4EF90CC}"
EndProject
Project("{9A19103F-16F7-4668-BE54-9A1E7A4F7556}") = "ToySql.Test", "test\ToySqlParser.Test\ToySql.Test.csproj", "{8B6514D3-E16C-40E6-AF2C-AE32A0D1225D}"
EndProject
Project("{2150E333-8FDC-42A3-9474-1A3956D46DE8}") = "src", "src", "{596C9AF9-B216-4281-91E1-A317382BFB50}"
EndProject
Project("{9A19103F-16F7-4668-BE54-9A1E7A4F7556}") = "ToySql.Lexer", "src\ToySql.Lexer\ToySql.Lexer.csproj", "{179BCF61-847C-498C-83DA-F0DB95786702}"
EndProject
Project("{9A19103F-16F7-4668-BE54-9A1E7A4F7556}") = "ToySql.Parser", "src\ToySql.Parser\ToySql.Parser.csproj", "{10F9ECB7-8F01-4F39-8332-ABCF3379D78B}"
EndProject
Project("{9A19103F-16F7-4668-BE54-9A1E7A4F7556}") = "ToySql.Console", "src\ToySql.Console\ToySql.Console.csproj", "{3B6B06BE-39D6-4BB1-A511-22AE5F7540F7}"
EndProject
Global
	GlobalSection(SolutionConfigurationPlatforms) = preSolution
		Debug|Any CPU = Debug|Any CPU
		Release|Any CPU = Release|Any CPU
	EndGlobalSection
	GlobalSection(ProjectConfigurationPlatforms) = postSolution
		{8B6514D3-E16C-40E6-AF2C-AE32A0D1225D}.Debug|Any CPU.ActiveCfg = Debug|Any CPU
		{8B6514D3-E16C-40E6-AF2C-AE32A0D1225D}.Debug|Any CPU.Build.0 = Debug|Any CPU
		{8B6514D3-E16C-40E6-AF2C-AE32A0D1225D}.Release|Any CPU.ActiveCfg = Release|Any CPU
		{8B6514D3-E16C-40E6-AF2C-AE32A0D1225D}.Release|Any CPU.Build.0 = Release|Any CPU
		{179BCF61-847C-498C-83DA-F0DB95786702}.Debug|Any CPU.ActiveCfg = Debug|Any CPU
		{179BCF61-847C-498C-83DA-F0DB95786702}.Debug|Any CPU.Build.0 = Debug|Any CPU
		{179BCF61-847C-498C-83DA-F0DB95786702}.Release|Any CPU.ActiveCfg = Release|Any CPU
		{179BCF61-847C-498C-83DA-F0DB95786702}.Release|Any CPU.Build.0 = Release|Any CPU
		{10F9ECB7-8F01-4F39-8332-ABCF3379D78B}.Debug|Any CPU.ActiveCfg = Debug|Any CPU
		{10F9ECB7-8F01-4F39-8332-ABCF3379D78B}.Debug|Any CPU.Build.0 = Debug|Any CPU
		{10F9ECB7-8F01-4F39-8332-ABCF3379D78B}.Release|Any CPU.ActiveCfg = Release|Any CPU
		{10F9ECB7-8F01-4F39-8332-ABCF3379D78B}.Release|Any CPU.Build.0 = Release|Any CPU
		{3B6B06BE-39D6-4BB1-A511-22AE5F7540F7}.Debug|Any CPU.ActiveCfg = Debug|Any CPU
		{3B6B06BE-39D6-4BB1-A511-22AE5F7540F7}.Debug|Any CPU.Build.0 = Debug|Any CPU
		{3B6B06BE-39D6-4BB1-A511-22AE5F7540F7}.Release|Any CPU.ActiveCfg = Release|Any CPU
		{3B6B06BE-39D6-4BB1-A511-22AE5F7540F7}.Release|Any CPU.Build.0 = Release|Any CPU
	EndGlobalSection
	GlobalSection(SolutionProperties) = preSolution
		HideSolutionNode = FALSE
	EndGlobalSection
	GlobalSection(NestedProjects) = preSolution
		{8B6514D3-E16C-40E6-AF2C-AE32A0D1225D} = {A7DAF120-AAAE-4D18-8938-6B77C4EF90CC}
		{179BCF61-847C-498C-83DA-F0DB95786702} = {596C9AF9-B216-4281-91E1-A317382BFB50}
		{10F9ECB7-8F01-4F39-8332-ABCF3379D78B} = {596C9AF9-B216-4281-91E1-A317382BFB50}
		{3B6B06BE-39D6-4BB1-A511-22AE5F7540F7} = {596C9AF9-B216-4281-91E1-A317382BFB50}
	EndGlobalSection
	GlobalSection(ExtensibilityGlobals) = postSolution
		SolutionGuid = {A4061D40-27F2-445F-9C99-C0C6DA5D6F16}
	EndGlobalSection
EndGlobal
