Microsoft Visual Studio Solution File, Format Version 12.00
# Visual Studio Version 17
VisualStudioVersion = 17.5.2.0
MinimumVisualStudioVersion = 10.0.40219.1
Project("{FAE04EC0-301F-11D3-BF4B-00C04F79EFBC}") = "ToySqlParser", "src\ToySqlParser\ToySqlParser.csproj", "{65788FF0-A86D-E818-1963-AA0057FCDD76}"
EndProject
Project("{2150E333-8FDC-42A3-9474-1A3956D46DE8}") = "test", "test", "{A7DAF120-AAAE-4D18-8938-6B77C4EF90CC}"
EndProject
Project("{FAE04EC0-301F-11D3-BF4B-00C04F79EFBC}") = "ToySqlParser.Test", "test\ToySqlParser.Test\ToySqlParser.Test.csproj", "{8B6514D3-E16C-40E6-AF2C-AE32A0D1225D}"
EndProject
Global
	GlobalSection(SolutionConfigurationPlatforms) = preSolution
		Debug|Any CPU = Debug|Any CPU
		Release|Any CPU = Release|Any CPU
	EndGlobalSection
	GlobalSection(ProjectConfigurationPlatforms) = postSolution
		{65788FF0-A86D-E818-1963-AA0057FCDD76}.Debug|Any CPU.ActiveCfg = Debug|Any CPU
		{65788FF0-A86D-E818-1963-AA0057FCDD76}.Debug|Any CPU.Build.0 = Debug|Any CPU
		{65788FF0-A86D-E818-1963-AA0057FCDD76}.Release|Any CPU.ActiveCfg = Release|Any CPU
		{65788FF0-A86D-E818-1963-AA0057FCDD76}.Release|Any CPU.Build.0 = Release|Any CPU
		{8B6514D3-E16C-40E6-AF2C-AE32A0D1225D}.Debug|Any CPU.ActiveCfg = Debug|Any CPU
		{8B6514D3-E16C-40E6-AF2C-AE32A0D1225D}.Debug|Any CPU.Build.0 = Debug|Any CPU
		{8B6514D3-E16C-40E6-AF2C-AE32A0D1225D}.Release|Any CPU.ActiveCfg = Release|Any CPU
		{8B6514D3-E16C-40E6-AF2C-AE32A0D1225D}.Release|Any CPU.Build.0 = Release|Any CPU
	EndGlobalSection
	GlobalSection(SolutionProperties) = preSolution
		HideSolutionNode = FALSE
	EndGlobalSection
	GlobalSection(ExtensibilityGlobals) = postSolution
		SolutionGuid = {A4061D40-27F2-445F-9C99-C0C6DA5D6F16}
	EndGlobalSection
	GlobalSection(NestedProjects) = preSolution
		{8B6514D3-E16C-40E6-AF2C-AE32A0D1225D} = {A7DAF120-AAAE-4D18-8938-6B77C4EF90CC}
	EndGlobalSection
EndGlobal
